
Microsoft Visual Studio Solution File, Format Version 12.00
# Visual Studio Version 16
VisualStudioVersion = 16.0.29926.136
MinimumVisualStudioVersion = 10.0.40219.1
Project("{FAE04EC0-301F-11D3-BF4B-00C04F79EFBC}") = "OdeToFood", "OdeToFood\OdeToFood.csproj", "{2FE95C61-BBCE-4DAB-82F5-44C2F21CBBC9}"
EndProject
Project("{FAE04EC0-301F-11D3-BF4B-00C04F79EFBC}") = "OdeToFood.Core", "OdeToFood.Core\OdeToFood.Core.csproj", "{CEB56A46-6E1B-4C90-B66F-B78B24D4D464}"
EndProject
Project("{FAE04EC0-301F-11D3-BF4B-00C04F79EFBC}") = "OdeToFood.Data", "OdeToFood.Data\OdeToFood.Data.csproj", "{FE280DCA-B620-45A5-8FCB-0D911994A44C}"
EndProject
Global
	GlobalSection(SolutionConfigurationPlatforms) = preSolution
		Debug|Any CPU = Debug|Any CPU
		Release|Any CPU = Release|Any CPU
	EndGlobalSection
	GlobalSection(ProjectConfigurationPlatforms) = postSolution
		{2FE95C61-BBCE-4DAB-82F5-44C2F21CBBC9}.Debug|Any CPU.ActiveCfg = Debug|Any CPU
		{2FE95C61-BBCE-4DAB-82F5-44C2F21CBBC9}.Debug|Any CPU.Build.0 = Debug|Any CPU
		{2FE95C61-BBCE-4DAB-82F5-44C2F21CBBC9}.Release|Any CPU.ActiveCfg = Release|Any CPU
		{2FE95C61-BBCE-4DAB-82F5-44C2F21CBBC9}.Release|Any CPU.Build.0 = Release|Any CPU
		{CEB56A46-6E1B-4C90-B66F-B78B24D4D464}.Debug|Any CPU.ActiveCfg = Debug|Any CPU
		{CEB56A46-6E1B-4C90-B66F-B78B24D4D464}.Debug|Any CPU.Build.0 = Debug|Any CPU
		{CEB56A46-6E1B-4C90-B66F-B78B24D4D464}.Release|Any CPU.ActiveCfg = Release|Any CPU
		{CEB56A46-6E1B-4C90-B66F-B78B24D4D464}.Release|Any CPU.Build.0 = Release|Any CPU
		{FE280DCA-B620-45A5-8FCB-0D911994A44C}.Debug|Any CPU.ActiveCfg = Debug|Any CPU
		{FE280DCA-B620-45A5-8FCB-0D911994A44C}.Debug|Any CPU.Build.0 = Debug|Any CPU
		{FE280DCA-B620-45A5-8FCB-0D911994A44C}.Release|Any CPU.ActiveCfg = Release|Any CPU
		{FE280DCA-B620-45A5-8FCB-0D911994A44C}.Release|Any CPU.Build.0 = Release|Any CPU
	EndGlobalSection
	GlobalSection(SolutionProperties) = preSolution
		HideSolutionNode = FALSE
	EndGlobalSection
	GlobalSection(ExtensibilityGlobals) = postSolution
		SolutionGuid = {8A2A46D1-524C-4071-98C3-EA4EAA235B9C}
	EndGlobalSection
EndGlobal
